
Microsoft Visual Studio Solution File, Format Version 12.00
# Visual Studio Version 17
VisualStudioVersion = 17.4.33110.190
MinimumVisualStudioVersion = 10.0.40219.1
Project("{FAE04EC0-301F-11D3-BF4B-00C04F79EFBC}") = "OwinWebApi", "OwinWebApi\OwinWebApi.csproj", "{2D9D8E44-F8D6-4A05-BB7D-FCC6A6C5CB02}"
EndProject
Project("{FAE04EC0-301F-11D3-BF4B-00C04F79EFBC}") = "BoatSimulation", "BoatSimulation\BoatSimulation.csproj", "{C6F9AF1B-DB44-4F25-863F-8C7F119CFD90}"
EndProject
Global
	GlobalSection(SolutionConfigurationPlatforms) = preSolution
		Debug|Any CPU = Debug|Any CPU
		Release|Any CPU = Release|Any CPU
	EndGlobalSection
	GlobalSection(ProjectConfigurationPlatforms) = postSolution
		{2D9D8E44-F8D6-4A05-BB7D-FCC6A6C5CB02}.Debug|Any CPU.ActiveCfg = Debug|Any CPU
		{2D9D8E44-F8D6-4A05-BB7D-FCC6A6C5CB02}.Debug|Any CPU.Build.0 = Debug|Any CPU
		{2D9D8E44-F8D6-4A05-BB7D-FCC6A6C5CB02}.Release|Any CPU.ActiveCfg = Release|Any CPU
		{2D9D8E44-F8D6-4A05-BB7D-FCC6A6C5CB02}.Release|Any CPU.Build.0 = Release|Any CPU
		{C6F9AF1B-DB44-4F25-863F-8C7F119CFD90}.Debug|Any CPU.ActiveCfg = Debug|Any CPU
		{C6F9AF1B-DB44-4F25-863F-8C7F119CFD90}.Debug|Any CPU.Build.0 = Debug|Any CPU
		{C6F9AF1B-DB44-4F25-863F-8C7F119CFD90}.Release|Any CPU.ActiveCfg = Release|Any CPU
		{C6F9AF1B-DB44-4F25-863F-8C7F119CFD90}.Release|Any CPU.Build.0 = Release|Any CPU
	EndGlobalSection
	GlobalSection(SolutionProperties) = preSolution
		HideSolutionNode = FALSE
	EndGlobalSection
	GlobalSection(ExtensibilityGlobals) = postSolution
		SolutionGuid = {16CA9B73-BE0F-4DA9-8281-B28FA4EC3AA1}
	EndGlobalSection
EndGlobal
